// !$*UTF8*$!
{
	archiveVersion = 1;
	classes = {
	};
	objectVersion = 46;
	objects = {

/* Begin PBXBuildFile section */
		832B0346155993B7006F950E /* MenuViewController.m in Sources */ = {isa = PBXBuildFile; fileRef = 832B0344155993B7006F950E /* MenuViewController.m */; };
		832B0347155993B7006F950E /* MenuViewController.xib in Resources */ = {isa = PBXBuildFile; fileRef = 832B0345155993B7006F950E /* MenuViewController.xib */; };
		838DFA0C1559AA8B00833028 /* ContactsViewController.m in Sources */ = {isa = PBXBuildFile; fileRef = 838DFA0A1559AA8B00833028 /* ContactsViewController.m */; };
		838DFA0D1559AA8B00833028 /* ContactsViewController.xib in Resources */ = {isa = PBXBuildFile; fileRef = 838DFA0B1559AA8B00833028 /* ContactsViewController.xib */; };
		838E2F24155C4F4C008C0C45 /* AFHTTPClient.m in Sources */ = {isa = PBXBuildFile; fileRef = 838E2F10155C4F4C008C0C45 /* AFHTTPClient.m */; };
		838E2F25155C4F4C008C0C45 /* AFHTTPRequestOperation.m in Sources */ = {isa = PBXBuildFile; fileRef = 838E2F12155C4F4C008C0C45 /* AFHTTPRequestOperation.m */; };
		838E2F26155C4F4C008C0C45 /* AFImageRequestOperation.m in Sources */ = {isa = PBXBuildFile; fileRef = 838E2F14155C4F4C008C0C45 /* AFImageRequestOperation.m */; };
		838E2F27155C4F4C008C0C45 /* AFJSONRequestOperation.m in Sources */ = {isa = PBXBuildFile; fileRef = 838E2F16155C4F4C008C0C45 /* AFJSONRequestOperation.m */; };
		838E2F28155C4F4C008C0C45 /* AFJSONUtilities.m in Sources */ = {isa = PBXBuildFile; fileRef = 838E2F18155C4F4C008C0C45 /* AFJSONUtilities.m */; };
		838E2F29155C4F4C008C0C45 /* AFNetworkActivityIndicatorManager.m in Sources */ = {isa = PBXBuildFile; fileRef = 838E2F1A155C4F4C008C0C45 /* AFNetworkActivityIndicatorManager.m */; };
		838E2F2A155C4F4C008C0C45 /* AFPropertyListRequestOperation.m in Sources */ = {isa = PBXBuildFile; fileRef = 838E2F1D155C4F4C008C0C45 /* AFPropertyListRequestOperation.m */; };
		838E2F2B155C4F4C008C0C45 /* AFURLConnectionOperation.m in Sources */ = {isa = PBXBuildFile; fileRef = 838E2F1F155C4F4C008C0C45 /* AFURLConnectionOperation.m */; };
		838E2F2C155C4F4C008C0C45 /* AFXMLRequestOperation.m in Sources */ = {isa = PBXBuildFile; fileRef = 838E2F21155C4F4C008C0C45 /* AFXMLRequestOperation.m */; };
		838E2F2D155C4F4C008C0C45 /* UIImageView+AFNetworking.m in Sources */ = {isa = PBXBuildFile; fileRef = 838E2F23155C4F4C008C0C45 /* UIImageView+AFNetworking.m */; };
		838E2F30155C5140008C0C45 /* DownloadAgendaConnectionTests.m in Sources */ = {isa = PBXBuildFile; fileRef = 838E2F2F155C5140008C0C45 /* DownloadAgendaConnectionTests.m */; };
		838E2F34155C5220008C0C45 /* DownloadAgendaConnection.m in Sources */ = {isa = PBXBuildFile; fileRef = 838E2F33155C5220008C0C45 /* DownloadAgendaConnection.m */; };
		83AB35FC1575433F0061B032 /* libOCMock.a in Frameworks */ = {isa = PBXBuildFile; fileRef = 83AB35F41575433F0061B032 /* libOCMock.a */; };
		83AC14C015597DBC007F96EB /* UIKit.framework in Frameworks */ = {isa = PBXBuildFile; fileRef = 83AC14BF15597DBC007F96EB /* UIKit.framework */; };
		83AC14C215597DBC007F96EB /* Foundation.framework in Frameworks */ = {isa = PBXBuildFile; fileRef = 83AC14C115597DBC007F96EB /* Foundation.framework */; };
		83AC14C415597DBC007F96EB /* CoreGraphics.framework in Frameworks */ = {isa = PBXBuildFile; fileRef = 83AC14C315597DBC007F96EB /* CoreGraphics.framework */; };
		83AC14CA15597DBC007F96EB /* InfoPlist.strings in Resources */ = {isa = PBXBuildFile; fileRef = 83AC14C815597DBC007F96EB /* InfoPlist.strings */; };
		83AC14CC15597DBC007F96EB /* main.m in Sources */ = {isa = PBXBuildFile; fileRef = 83AC14CB15597DBC007F96EB /* main.m */; };
		83AC14D015597DBC007F96EB /* AppDelegate.m in Sources */ = {isa = PBXBuildFile; fileRef = 83AC14CF15597DBC007F96EB /* AppDelegate.m */; };
		83AC14D315597DBC007F96EB /* LoginViewController.m in Sources */ = {isa = PBXBuildFile; fileRef = 83AC14D215597DBC007F96EB /* LoginViewController.m */; };
		83AC14D615597DBC007F96EB /* LoginViewController.xib in Resources */ = {isa = PBXBuildFile; fileRef = 83AC14D415597DBC007F96EB /* LoginViewController.xib */; };
		83AC14DE15597DBC007F96EB /* SenTestingKit.framework in Frameworks */ = {isa = PBXBuildFile; fileRef = 83AC14DD15597DBC007F96EB /* SenTestingKit.framework */; };
		83AC14DF15597DBC007F96EB /* UIKit.framework in Frameworks */ = {isa = PBXBuildFile; fileRef = 83AC14BF15597DBC007F96EB /* UIKit.framework */; };
		83AC14E015597DBC007F96EB /* Foundation.framework in Frameworks */ = {isa = PBXBuildFile; fileRef = 83AC14C115597DBC007F96EB /* Foundation.framework */; };
		83AC14E815597DBC007F96EB /* InfoPlist.strings in Resources */ = {isa = PBXBuildFile; fileRef = 83AC14E615597DBC007F96EB /* InfoPlist.strings */; };
		83AC14EB15597DBD007F96EB /* PeopleTests.m in Sources */ = {isa = PBXBuildFile; fileRef = 83AC14EA15597DBD007F96EB /* PeopleTests.m */; };
		83AE8A52155C372B00DB956C /* Contact.m in Sources */ = {isa = PBXBuildFile; fileRef = 83AE8A51155C372B00DB956C /* Contact.m */; };
		83AE8A58155C383600DB956C /* ContactTests.m in Sources */ = {isa = PBXBuildFile; fileRef = 83AE8A57155C383600DB956C /* ContactTests.m */; };
		83BC65BD155ABBB9005C61AB /* bg_1.png in Resources */ = {isa = PBXBuildFile; fileRef = 83BC65BC155ABBB9005C61AB /* bg_1.png */; };
		83BC65BF155ABEC8005C61AB /* people_logo.png in Resources */ = {isa = PBXBuildFile; fileRef = 83BC65BE155ABEC8005C61AB /* people_logo.png */; };
		83D5571D155AC1FE0061E67D /* bg_2.png in Resources */ = {isa = PBXBuildFile; fileRef = 83D5571C155AC1FE0061E67D /* bg_2.png */; };
		83D5571F155AC6F80061E67D /* bg_3.png in Resources */ = {isa = PBXBuildFile; fileRef = 83D5571E155AC6F80061E67D /* bg_3.png */; };
		D9E8F1471578F338002F8DF9 /* Agenda.m in Sources */ = {isa = PBXBuildFile; fileRef = D9E8F1461578F338002F8DF9 /* Agenda.m */; };
/* End PBXBuildFile section */

/* Begin PBXContainerItemProxy section */
		83AC14E115597DBC007F96EB /* PBXContainerItemProxy */ = {
			isa = PBXContainerItemProxy;
			containerPortal = 83AC14B215597DBC007F96EB /* Project object */;
			proxyType = 1;
			remoteGlobalIDString = 83AC14BA15597DBC007F96EB;
			remoteInfo = People;
		};
/* End PBXContainerItemProxy section */

/* Begin PBXFileReference section */
		832181221577D5FE001C3ED3 /* ConnectionDelegate.h */ = {isa = PBXFileReference; fileEncoding = 4; lastKnownFileType = sourcecode.c.h; path = ConnectionDelegate.h; sourceTree = "<group>"; };
		832B0343155993B7006F950E /* MenuViewController.h */ = {isa = PBXFileReference; fileEncoding = 4; lastKnownFileType = sourcecode.c.h; path = MenuViewController.h; sourceTree = "<group>"; };
		832B0344155993B7006F950E /* MenuViewController.m */ = {isa = PBXFileReference; fileEncoding = 4; lastKnownFileType = sourcecode.c.objc; path = MenuViewController.m; sourceTree = "<group>"; };
		832B0345155993B7006F950E /* MenuViewController.xib */ = {isa = PBXFileReference; fileEncoding = 4; lastKnownFileType = file.xib; path = MenuViewController.xib; sourceTree = "<group>"; };
		838DFA091559AA8B00833028 /* ContactsViewController.h */ = {isa = PBXFileReference; fileEncoding = 4; lastKnownFileType = sourcecode.c.h; path = ContactsViewController.h; sourceTree = "<group>"; };
		838DFA0A1559AA8B00833028 /* ContactsViewController.m */ = {isa = PBXFileReference; fileEncoding = 4; lastKnownFileType = sourcecode.c.objc; path = ContactsViewController.m; sourceTree = "<group>"; };
		838DFA0B1559AA8B00833028 /* ContactsViewController.xib */ = {isa = PBXFileReference; fileEncoding = 4; lastKnownFileType = file.xib; path = ContactsViewController.xib; sourceTree = "<group>"; };
		838E2F0F155C4F4C008C0C45 /* AFHTTPClient.h */ = {isa = PBXFileReference; fileEncoding = 4; lastKnownFileType = sourcecode.c.h; path = AFHTTPClient.h; sourceTree = "<group>"; };
		838E2F10155C4F4C008C0C45 /* AFHTTPClient.m */ = {isa = PBXFileReference; fileEncoding = 4; lastKnownFileType = sourcecode.c.objc; path = AFHTTPClient.m; sourceTree = "<group>"; };
		838E2F11155C4F4C008C0C45 /* AFHTTPRequestOperation.h */ = {isa = PBXFileReference; fileEncoding = 4; lastKnownFileType = sourcecode.c.h; path = AFHTTPRequestOperation.h; sourceTree = "<group>"; };
		838E2F12155C4F4C008C0C45 /* AFHTTPRequestOperation.m */ = {isa = PBXFileReference; fileEncoding = 4; lastKnownFileType = sourcecode.c.objc; path = AFHTTPRequestOperation.m; sourceTree = "<group>"; };
		838E2F13155C4F4C008C0C45 /* AFImageRequestOperation.h */ = {isa = PBXFileReference; fileEncoding = 4; lastKnownFileType = sourcecode.c.h; path = AFImageRequestOperation.h; sourceTree = "<group>"; };
		838E2F14155C4F4C008C0C45 /* AFImageRequestOperation.m */ = {isa = PBXFileReference; fileEncoding = 4; lastKnownFileType = sourcecode.c.objc; path = AFImageRequestOperation.m; sourceTree = "<group>"; };
		838E2F15155C4F4C008C0C45 /* AFJSONRequestOperation.h */ = {isa = PBXFileReference; fileEncoding = 4; lastKnownFileType = sourcecode.c.h; path = AFJSONRequestOperation.h; sourceTree = "<group>"; };
		838E2F16155C4F4C008C0C45 /* AFJSONRequestOperation.m */ = {isa = PBXFileReference; fileEncoding = 4; lastKnownFileType = sourcecode.c.objc; path = AFJSONRequestOperation.m; sourceTree = "<group>"; };
		838E2F17155C4F4C008C0C45 /* AFJSONUtilities.h */ = {isa = PBXFileReference; fileEncoding = 4; lastKnownFileType = sourcecode.c.h; path = AFJSONUtilities.h; sourceTree = "<group>"; };
		838E2F18155C4F4C008C0C45 /* AFJSONUtilities.m */ = {isa = PBXFileReference; fileEncoding = 4; lastKnownFileType = sourcecode.c.objc; path = AFJSONUtilities.m; sourceTree = "<group>"; };
		838E2F19155C4F4C008C0C45 /* AFNetworkActivityIndicatorManager.h */ = {isa = PBXFileReference; fileEncoding = 4; lastKnownFileType = sourcecode.c.h; path = AFNetworkActivityIndicatorManager.h; sourceTree = "<group>"; };
		838E2F1A155C4F4C008C0C45 /* AFNetworkActivityIndicatorManager.m */ = {isa = PBXFileReference; fileEncoding = 4; lastKnownFileType = sourcecode.c.objc; path = AFNetworkActivityIndicatorManager.m; sourceTree = "<group>"; };
		838E2F1B155C4F4C008C0C45 /* AFNetworking.h */ = {isa = PBXFileReference; fileEncoding = 4; lastKnownFileType = sourcecode.c.h; path = AFNetworking.h; sourceTree = "<group>"; };
		838E2F1C155C4F4C008C0C45 /* AFPropertyListRequestOperation.h */ = {isa = PBXFileReference; fileEncoding = 4; lastKnownFileType = sourcecode.c.h; path = AFPropertyListRequestOperation.h; sourceTree = "<group>"; };
		838E2F1D155C4F4C008C0C45 /* AFPropertyListRequestOperation.m */ = {isa = PBXFileReference; fileEncoding = 4; lastKnownFileType = sourcecode.c.objc; path = AFPropertyListRequestOperation.m; sourceTree = "<group>"; };
		838E2F1E155C4F4C008C0C45 /* AFURLConnectionOperation.h */ = {isa = PBXFileReference; fileEncoding = 4; lastKnownFileType = sourcecode.c.h; path = AFURLConnectionOperation.h; sourceTree = "<group>"; };
		838E2F1F155C4F4C008C0C45 /* AFURLConnectionOperation.m */ = {isa = PBXFileReference; fileEncoding = 4; lastKnownFileType = sourcecode.c.objc; path = AFURLConnectionOperation.m; sourceTree = "<group>"; };
		838E2F20155C4F4C008C0C45 /* AFXMLRequestOperation.h */ = {isa = PBXFileReference; fileEncoding = 4; lastKnownFileType = sourcecode.c.h; path = AFXMLRequestOperation.h; sourceTree = "<group>"; };
		838E2F21155C4F4C008C0C45 /* AFXMLRequestOperation.m */ = {isa = PBXFileReference; fileEncoding = 4; lastKnownFileType = sourcecode.c.objc; path = AFXMLRequestOperation.m; sourceTree = "<group>"; };
		838E2F22155C4F4C008C0C45 /* UIImageView+AFNetworking.h */ = {isa = PBXFileReference; fileEncoding = 4; lastKnownFileType = sourcecode.c.h; path = "UIImageView+AFNetworking.h"; sourceTree = "<group>"; };
		838E2F23155C4F4C008C0C45 /* UIImageView+AFNetworking.m */ = {isa = PBXFileReference; fileEncoding = 4; lastKnownFileType = sourcecode.c.objc; path = "UIImageView+AFNetworking.m"; sourceTree = "<group>"; };
		838E2F2E155C5140008C0C45 /* DownloadAgendaConnectionTests.h */ = {isa = PBXFileReference; fileEncoding = 4; lastKnownFileType = sourcecode.c.h; path = DownloadAgendaConnectionTests.h; sourceTree = "<group>"; };
		838E2F2F155C5140008C0C45 /* DownloadAgendaConnectionTests.m */ = {isa = PBXFileReference; fileEncoding = 4; lastKnownFileType = sourcecode.c.objc; path = DownloadAgendaConnectionTests.m; sourceTree = "<group>"; };
		838E2F32155C5220008C0C45 /* DownloadAgendaConnection.h */ = {isa = PBXFileReference; fileEncoding = 4; lastKnownFileType = sourcecode.c.h; path = DownloadAgendaConnection.h; sourceTree = "<group>"; };
		838E2F33155C5220008C0C45 /* DownloadAgendaConnection.m */ = {isa = PBXFileReference; fileEncoding = 4; lastKnownFileType = sourcecode.c.objc; path = DownloadAgendaConnection.m; sourceTree = "<group>"; };
		83AB35F41575433F0061B032 /* libOCMock.a */ = {isa = PBXFileReference; lastKnownFileType = archive.ar; name = libOCMock.a; path = ../libOCMock.a; sourceTree = "<group>"; };
		83AB35F61575433F0061B032 /* NSNotificationCenter+OCMAdditions.h */ = {isa = PBXFileReference; fileEncoding = 4; lastKnownFileType = sourcecode.c.h; path = "NSNotificationCenter+OCMAdditions.h"; sourceTree = "<group>"; };
		83AB35F71575433F0061B032 /* OCMArg.h */ = {isa = PBXFileReference; fileEncoding = 4; lastKnownFileType = sourcecode.c.h; path = OCMArg.h; sourceTree = "<group>"; };
		83AB35F81575433F0061B032 /* OCMConstraint.h */ = {isa = PBXFileReference; fileEncoding = 4; lastKnownFileType = sourcecode.c.h; path = OCMConstraint.h; sourceTree = "<group>"; };
		83AB35F91575433F0061B032 /* OCMock.h */ = {isa = PBXFileReference; fileEncoding = 4; lastKnownFileType = sourcecode.c.h; path = OCMock.h; sourceTree = "<group>"; };
		83AB35FA1575433F0061B032 /* OCMockObject.h */ = {isa = PBXFileReference; fileEncoding = 4; lastKnownFileType = sourcecode.c.h; path = OCMockObject.h; sourceTree = "<group>"; };
		83AB35FB1575433F0061B032 /* OCMockRecorder.h */ = {isa = PBXFileReference; fileEncoding = 4; lastKnownFileType = sourcecode.c.h; path = OCMockRecorder.h; sourceTree = "<group>"; };
		83AC14BB15597DBC007F96EB /* People.app */ = {isa = PBXFileReference; explicitFileType = wrapper.application; includeInIndex = 0; path = People.app; sourceTree = BUILT_PRODUCTS_DIR; };
		83AC14BF15597DBC007F96EB /* UIKit.framework */ = {isa = PBXFileReference; lastKnownFileType = wrapper.framework; name = UIKit.framework; path = System/Library/Frameworks/UIKit.framework; sourceTree = SDKROOT; };
		83AC14C115597DBC007F96EB /* Foundation.framework */ = {isa = PBXFileReference; lastKnownFileType = wrapper.framework; name = Foundation.framework; path = System/Library/Frameworks/Foundation.framework; sourceTree = SDKROOT; };
		83AC14C315597DBC007F96EB /* CoreGraphics.framework */ = {isa = PBXFileReference; lastKnownFileType = wrapper.framework; name = CoreGraphics.framework; path = System/Library/Frameworks/CoreGraphics.framework; sourceTree = SDKROOT; };
		83AC14C715597DBC007F96EB /* People-Info.plist */ = {isa = PBXFileReference; lastKnownFileType = text.plist.xml; path = "People-Info.plist"; sourceTree = "<group>"; };
		83AC14C915597DBC007F96EB /* en */ = {isa = PBXFileReference; lastKnownFileType = text.plist.strings; name = en; path = en.lproj/InfoPlist.strings; sourceTree = "<group>"; };
		83AC14CB15597DBC007F96EB /* main.m */ = {isa = PBXFileReference; lastKnownFileType = sourcecode.c.objc; path = main.m; sourceTree = "<group>"; };
		83AC14CD15597DBC007F96EB /* People-Prefix.pch */ = {isa = PBXFileReference; lastKnownFileType = sourcecode.c.h; path = "People-Prefix.pch"; sourceTree = "<group>"; };
		83AC14CE15597DBC007F96EB /* AppDelegate.h */ = {isa = PBXFileReference; lastKnownFileType = sourcecode.c.h; path = AppDelegate.h; sourceTree = "<group>"; };
		83AC14CF15597DBC007F96EB /* AppDelegate.m */ = {isa = PBXFileReference; lastKnownFileType = sourcecode.c.objc; path = AppDelegate.m; sourceTree = "<group>"; };
		83AC14D115597DBC007F96EB /* LoginViewController.h */ = {isa = PBXFileReference; lastKnownFileType = sourcecode.c.h; path = LoginViewController.h; sourceTree = "<group>"; };
		83AC14D215597DBC007F96EB /* LoginViewController.m */ = {isa = PBXFileReference; lastKnownFileType = sourcecode.c.objc; path = LoginViewController.m; sourceTree = "<group>"; };
		83AC14D515597DBC007F96EB /* en */ = {isa = PBXFileReference; lastKnownFileType = file.xib; name = en; path = en.lproj/LoginViewController.xib; sourceTree = "<group>"; };
		83AC14DC15597DBC007F96EB /* PeopleTests.octest */ = {isa = PBXFileReference; explicitFileType = wrapper.cfbundle; includeInIndex = 0; path = PeopleTests.octest; sourceTree = BUILT_PRODUCTS_DIR; };
		83AC14DD15597DBC007F96EB /* SenTestingKit.framework */ = {isa = PBXFileReference; lastKnownFileType = wrapper.framework; name = SenTestingKit.framework; path = Library/Frameworks/SenTestingKit.framework; sourceTree = DEVELOPER_DIR; };
		83AC14E515597DBC007F96EB /* PeopleTests-Info.plist */ = {isa = PBXFileReference; lastKnownFileType = text.plist.xml; path = "PeopleTests-Info.plist"; sourceTree = "<group>"; };
		83AC14E715597DBC007F96EB /* en */ = {isa = PBXFileReference; lastKnownFileType = text.plist.strings; name = en; path = en.lproj/InfoPlist.strings; sourceTree = "<group>"; };
		83AC14E915597DBD007F96EB /* PeopleTests.h */ = {isa = PBXFileReference; lastKnownFileType = sourcecode.c.h; path = PeopleTests.h; sourceTree = "<group>"; };
		83AC14EA15597DBD007F96EB /* PeopleTests.m */ = {isa = PBXFileReference; lastKnownFileType = sourcecode.c.objc; path = PeopleTests.m; sourceTree = "<group>"; };
		83AE8A50155C372B00DB956C /* Contact.h */ = {isa = PBXFileReference; fileEncoding = 4; lastKnownFileType = sourcecode.c.h; path = Contact.h; sourceTree = "<group>"; };
		83AE8A51155C372B00DB956C /* Contact.m */ = {isa = PBXFileReference; fileEncoding = 4; lastKnownFileType = sourcecode.c.objc; path = Contact.m; sourceTree = "<group>"; };
		83AE8A56155C383600DB956C /* ContactTests.h */ = {isa = PBXFileReference; fileEncoding = 4; lastKnownFileType = sourcecode.c.h; path = ContactTests.h; sourceTree = "<group>"; };
		83AE8A57155C383600DB956C /* ContactTests.m */ = {isa = PBXFileReference; fileEncoding = 4; lastKnownFileType = sourcecode.c.objc; path = ContactTests.m; sourceTree = "<group>"; };
		83BC65BC155ABBB9005C61AB /* bg_1.png */ = {isa = PBXFileReference; lastKnownFileType = image.png; path = bg_1.png; sourceTree = "<group>"; };
		83BC65BE155ABEC8005C61AB /* people_logo.png */ = {isa = PBXFileReference; lastKnownFileType = image.png; path = people_logo.png; sourceTree = "<group>"; };
		83D5571C155AC1FE0061E67D /* bg_2.png */ = {isa = PBXFileReference; lastKnownFileType = image.png; path = bg_2.png; sourceTree = "<group>"; };
		83D5571E155AC6F80061E67D /* bg_3.png */ = {isa = PBXFileReference; lastKnownFileType = image.png; path = bg_3.png; sourceTree = "<group>"; };
		D9E8F1451578F338002F8DF9 /* Agenda.h */ = {isa = PBXFileReference; fileEncoding = 4; lastKnownFileType = sourcecode.c.h; path = Agenda.h; sourceTree = "<group>"; };
		D9E8F1461578F338002F8DF9 /* Agenda.m */ = {isa = PBXFileReference; fileEncoding = 4; lastKnownFileType = sourcecode.c.objc; path = Agenda.m; sourceTree = "<group>"; };
/* End PBXFileReference section */

/* Begin PBXFrameworksBuildPhase section */
		83AC14B815597DBC007F96EB /* Frameworks */ = {
			isa = PBXFrameworksBuildPhase;
			buildActionMask = 2147483647;
			files = (
				83AC14C015597DBC007F96EB /* UIKit.framework in Frameworks */,
				83AC14C215597DBC007F96EB /* Foundation.framework in Frameworks */,
				83AC14C415597DBC007F96EB /* CoreGraphics.framework in Frameworks */,
			);
			runOnlyForDeploymentPostprocessing = 0;
		};
		83AC14D815597DBC007F96EB /* Frameworks */ = {
			isa = PBXFrameworksBuildPhase;
			buildActionMask = 2147483647;
			files = (
				83AC14DE15597DBC007F96EB /* SenTestingKit.framework in Frameworks */,
				83AC14DF15597DBC007F96EB /* UIKit.framework in Frameworks */,
				83AC14E015597DBC007F96EB /* Foundation.framework in Frameworks */,
				83AB35FC1575433F0061B032 /* libOCMock.a in Frameworks */,
			);
			runOnlyForDeploymentPostprocessing = 0;
		};
/* End PBXFrameworksBuildPhase section */

/* Begin PBXGroup section */
		832B033F15599369006F950E /* UIViewController */ = {
			isa = PBXGroup;
			children = (
				832B034115599378006F950E /* LoginViewController */,
				832B034215599388006F950E /* MenuViewController */,
				838DFA071559AA4800833028 /* ContactsViewController */,
			);
			name = UIViewController;
			sourceTree = "<group>";
		};
		832B034115599378006F950E /* LoginViewController */ = {
			isa = PBXGroup;
			children = (
				83AC14D115597DBC007F96EB /* LoginViewController.h */,
				83AC14D215597DBC007F96EB /* LoginViewController.m */,
				83AC14D415597DBC007F96EB /* LoginViewController.xib */,
			);
			name = LoginViewController;
			sourceTree = "<group>";
		};
		832B034215599388006F950E /* MenuViewController */ = {
			isa = PBXGroup;
			children = (
				832B0343155993B7006F950E /* MenuViewController.h */,
				832B0344155993B7006F950E /* MenuViewController.m */,
				832B0345155993B7006F950E /* MenuViewController.xib */,
			);
			name = MenuViewController;
			sourceTree = "<group>";
		};
		838DFA071559AA4800833028 /* ContactsViewController */ = {
			isa = PBXGroup;
			children = (
				838DFA091559AA8B00833028 /* ContactsViewController.h */,
				838DFA0A1559AA8B00833028 /* ContactsViewController.m */,
				838DFA0B1559AA8B00833028 /* ContactsViewController.xib */,
			);
			name = ContactsViewController;
			sourceTree = "<group>";
		};
		838E2F0C155C4F0C008C0C45 /* ThirdPartyLibraries */ = {
			isa = PBXGroup;
			children = (
				838E2F0E155C4F4C008C0C45 /* AFNetworking */,
			);
			name = ThirdPartyLibraries;
			sourceTree = "<group>";
		};
		838E2F0E155C4F4C008C0C45 /* AFNetworking */ = {
			isa = PBXGroup;
			children = (
				838E2F0F155C4F4C008C0C45 /* AFHTTPClient.h */,
				838E2F10155C4F4C008C0C45 /* AFHTTPClient.m */,
				838E2F11155C4F4C008C0C45 /* AFHTTPRequestOperation.h */,
				838E2F12155C4F4C008C0C45 /* AFHTTPRequestOperation.m */,
				838E2F13155C4F4C008C0C45 /* AFImageRequestOperation.h */,
				838E2F14155C4F4C008C0C45 /* AFImageRequestOperation.m */,
				838E2F15155C4F4C008C0C45 /* AFJSONRequestOperation.h */,
				838E2F16155C4F4C008C0C45 /* AFJSONRequestOperation.m */,
				838E2F17155C4F4C008C0C45 /* AFJSONUtilities.h */,
				838E2F18155C4F4C008C0C45 /* AFJSONUtilities.m */,
				838E2F19155C4F4C008C0C45 /* AFNetworkActivityIndicatorManager.h */,
				838E2F1A155C4F4C008C0C45 /* AFNetworkActivityIndicatorManager.m */,
				838E2F1B155C4F4C008C0C45 /* AFNetworking.h */,
				838E2F1C155C4F4C008C0C45 /* AFPropertyListRequestOperation.h */,
				838E2F1D155C4F4C008C0C45 /* AFPropertyListRequestOperation.m */,
				838E2F1E155C4F4C008C0C45 /* AFURLConnectionOperation.h */,
				838E2F1F155C4F4C008C0C45 /* AFURLConnectionOperation.m */,
				838E2F20155C4F4C008C0C45 /* AFXMLRequestOperation.h */,
				838E2F21155C4F4C008C0C45 /* AFXMLRequestOperation.m */,
				838E2F22155C4F4C008C0C45 /* UIImageView+AFNetworking.h */,
				838E2F23155C4F4C008C0C45 /* UIImageView+AFNetworking.m */,
			);
			path = AFNetworking;
			sourceTree = "<group>";
		};
		838E2F31155C51DF008C0C45 /* Connection */ = {
			isa = PBXGroup;
			children = (
				838E2F32155C5220008C0C45 /* DownloadAgendaConnection.h */,
				838E2F33155C5220008C0C45 /* DownloadAgendaConnection.m */,
				832181221577D5FE001C3ED3 /* ConnectionDelegate.h */,
			);
			name = Connection;
			sourceTree = "<group>";
		};
		83AB35F51575433F0061B032 /* OCMock */ = {
			isa = PBXGroup;
			children = (
				83AB35F41575433F0061B032 /* libOCMock.a */,
				83AB35F61575433F0061B032 /* NSNotificationCenter+OCMAdditions.h */,
				83AB35F71575433F0061B032 /* OCMArg.h */,
				83AB35F81575433F0061B032 /* OCMConstraint.h */,
				83AB35F91575433F0061B032 /* OCMock.h */,
				83AB35FA1575433F0061B032 /* OCMockObject.h */,
				83AB35FB1575433F0061B032 /* OCMockRecorder.h */,
			);
			path = OCMock;
			sourceTree = "<group>";
		};
		83AC14B015597DBC007F96EB = {
			isa = PBXGroup;
			children = (
				83AC14C515597DBC007F96EB /* People */,
				83AC14E315597DBC007F96EB /* PeopleTests */,
				83AC14BE15597DBC007F96EB /* Frameworks */,
				83AC14BC15597DBC007F96EB /* Products */,
			);
			sourceTree = "<group>";
		};
		83AC14BC15597DBC007F96EB /* Products */ = {
			isa = PBXGroup;
			children = (
				83AC14BB15597DBC007F96EB /* People.app */,
				83AC14DC15597DBC007F96EB /* PeopleTests.octest */,
			);
			name = Products;
			sourceTree = "<group>";
		};
		83AC14BE15597DBC007F96EB /* Frameworks */ = {
			isa = PBXGroup;
			children = (
				83AC14BF15597DBC007F96EB /* UIKit.framework */,
				83AC14C115597DBC007F96EB /* Foundation.framework */,
				83AC14C315597DBC007F96EB /* CoreGraphics.framework */,
				83AC14DD15597DBC007F96EB /* SenTestingKit.framework */,
			);
			name = Frameworks;
			sourceTree = "<group>";
		};
		83AC14C515597DBC007F96EB /* People */ = {
			isa = PBXGroup;
			children = (
				83AC14CE15597DBC007F96EB /* AppDelegate.h */,
				83AC14CF15597DBC007F96EB /* AppDelegate.m */,
				83AE8A4F155C343C00DB956C /* Model */,
				832B033F15599369006F950E /* UIViewController */,
				838E2F31155C51DF008C0C45 /* Connection */,
				838E2F0C155C4F0C008C0C45 /* ThirdPartyLibraries */,
				83AC14C615597DBC007F96EB /* Supporting Files */,
			);
			path = People;
			sourceTree = "<group>";
		};
		83AC14C615597DBC007F96EB /* Supporting Files */ = {
			isa = PBXGroup;
			children = (
				83BC65B8155AB970005C61AB /* Images */,
				83AC14C715597DBC007F96EB /* People-Info.plist */,
				83AC14C815597DBC007F96EB /* InfoPlist.strings */,
				83AC14CB15597DBC007F96EB /* main.m */,
				83AC14CD15597DBC007F96EB /* People-Prefix.pch */,
			);
			name = "Supporting Files";
			sourceTree = "<group>";
		};
		83AC14E315597DBC007F96EB /* PeopleTests */ = {
			isa = PBXGroup;
			children = (
				83AB35F51575433F0061B032 /* OCMock */,
				83AC14E415597DBC007F96EB /* Supporting Files */,
				83AC14E915597DBD007F96EB /* PeopleTests.h */,
				83AC14EA15597DBD007F96EB /* PeopleTests.m */,
				83AE8A56155C383600DB956C /* ContactTests.h */,
				83AE8A57155C383600DB956C /* ContactTests.m */,
				838E2F2E155C5140008C0C45 /* DownloadAgendaConnectionTests.h */,
				838E2F2F155C5140008C0C45 /* DownloadAgendaConnectionTests.m */,
			);
			path = PeopleTests;
			sourceTree = "<group>";
		};
		83AC14E415597DBC007F96EB /* Supporting Files */ = {
			isa = PBXGroup;
			children = (
				83AC14E515597DBC007F96EB /* PeopleTests-Info.plist */,
				83AC14E615597DBC007F96EB /* InfoPlist.strings */,
			);
			name = "Supporting Files";
			sourceTree = "<group>";
		};
		83AE8A4F155C343C00DB956C /* Model */ = {
			isa = PBXGroup;
			children = (
				83AE8A50155C372B00DB956C /* Contact.h */,
				83AE8A51155C372B00DB956C /* Contact.m */,
				D9E8F1451578F338002F8DF9 /* Agenda.h */,
				D9E8F1461578F338002F8DF9 /* Agenda.m */,
			);
			name = Model;
			sourceTree = "<group>";
		};
		83BC65B8155AB970005C61AB /* Images */ = {
			isa = PBXGroup;
			children = (
				83BC65BC155ABBB9005C61AB /* bg_1.png */,
				83D5571E155AC6F80061E67D /* bg_3.png */,
				83D5571C155AC1FE0061E67D /* bg_2.png */,
				83BC65BE155ABEC8005C61AB /* people_logo.png */,
			);
			name = Images;
			sourceTree = "<group>";
		};
/* End PBXGroup section */

/* Begin PBXNativeTarget section */
		83AC14BA15597DBC007F96EB /* People */ = {
			isa = PBXNativeTarget;
			buildConfigurationList = 83AC14EE15597DBD007F96EB /* Build configuration list for PBXNativeTarget "People" */;
			buildPhases = (
				83AC14B715597DBC007F96EB /* Sources */,
				83AC14B815597DBC007F96EB /* Frameworks */,
				83AC14B915597DBC007F96EB /* Resources */,
			);
			buildRules = (
			);
			dependencies = (
			);
			name = People;
			productName = People;
			productReference = 83AC14BB15597DBC007F96EB /* People.app */;
			productType = "com.apple.product-type.application";
		};
		83AC14DB15597DBC007F96EB /* PeopleTests */ = {
			isa = PBXNativeTarget;
			buildConfigurationList = 83AC14F115597DBD007F96EB /* Build configuration list for PBXNativeTarget "PeopleTests" */;
			buildPhases = (
				83AC14D715597DBC007F96EB /* Sources */,
				83AC14D815597DBC007F96EB /* Frameworks */,
				83AC14D915597DBC007F96EB /* Resources */,
				83AC14DA15597DBC007F96EB /* ShellScript */,
			);
			buildRules = (
			);
			dependencies = (
				83AC14E215597DBC007F96EB /* PBXTargetDependency */,
			);
			name = PeopleTests;
			productName = PeopleTests;
			productReference = 83AC14DC15597DBC007F96EB /* PeopleTests.octest */;
			productType = "com.apple.product-type.bundle";
		};
/* End PBXNativeTarget section */

/* Begin PBXProject section */
		83AC14B215597DBC007F96EB /* Project object */ = {
			isa = PBXProject;
			attributes = {
				LastUpgradeCheck = 0420;
			};
			buildConfigurationList = 83AC14B515597DBC007F96EB /* Build configuration list for PBXProject "People" */;
			compatibilityVersion = "Xcode 3.2";
			developmentRegion = English;
			hasScannedForEncodings = 0;
			knownRegions = (
				en,
			);
			mainGroup = 83AC14B015597DBC007F96EB;
			productRefGroup = 83AC14BC15597DBC007F96EB /* Products */;
			projectDirPath = "";
			projectRoot = "";
			targets = (
				83AC14BA15597DBC007F96EB /* People */,
				83AC14DB15597DBC007F96EB /* PeopleTests */,
			);
		};
/* End PBXProject section */

/* Begin PBXResourcesBuildPhase section */
		83AC14B915597DBC007F96EB /* Resources */ = {
			isa = PBXResourcesBuildPhase;
			buildActionMask = 2147483647;
			files = (
				83AC14CA15597DBC007F96EB /* InfoPlist.strings in Resources */,
				83AC14D615597DBC007F96EB /* LoginViewController.xib in Resources */,
				832B0347155993B7006F950E /* MenuViewController.xib in Resources */,
				838DFA0D1559AA8B00833028 /* ContactsViewController.xib in Resources */,
				83BC65BD155ABBB9005C61AB /* bg_1.png in Resources */,
				83BC65BF155ABEC8005C61AB /* people_logo.png in Resources */,
				83D5571D155AC1FE0061E67D /* bg_2.png in Resources */,
				83D5571F155AC6F80061E67D /* bg_3.png in Resources */,
			);
			runOnlyForDeploymentPostprocessing = 0;
		};
		83AC14D915597DBC007F96EB /* Resources */ = {
			isa = PBXResourcesBuildPhase;
			buildActionMask = 2147483647;
			files = (
				83AC14E815597DBC007F96EB /* InfoPlist.strings in Resources */,
			);
			runOnlyForDeploymentPostprocessing = 0;
		};
/* End PBXResourcesBuildPhase section */

/* Begin PBXShellScriptBuildPhase section */
		83AC14DA15597DBC007F96EB /* ShellScript */ = {
			isa = PBXShellScriptBuildPhase;
			buildActionMask = 2147483647;
			files = (
			);
			inputPaths = (
			);
			outputPaths = (
			);
			runOnlyForDeploymentPostprocessing = 0;
			shellPath = /bin/sh;
			shellScript = "# Run the unit tests in this test bundle.\n\"${SYSTEM_DEVELOPER_DIR}/Tools/RunUnitTests\"\n";
		};
/* End PBXShellScriptBuildPhase section */

/* Begin PBXSourcesBuildPhase section */
		83AC14B715597DBC007F96EB /* Sources */ = {
			isa = PBXSourcesBuildPhase;
			buildActionMask = 2147483647;
			files = (
				83AC14CC15597DBC007F96EB /* main.m in Sources */,
				83AC14D015597DBC007F96EB /* AppDelegate.m in Sources */,
				83AC14D315597DBC007F96EB /* LoginViewController.m in Sources */,
				832B0346155993B7006F950E /* MenuViewController.m in Sources */,
				838DFA0C1559AA8B00833028 /* ContactsViewController.m in Sources */,
				83AE8A52155C372B00DB956C /* Contact.m in Sources */,
				838E2F24155C4F4C008C0C45 /* AFHTTPClient.m in Sources */,
				838E2F25155C4F4C008C0C45 /* AFHTTPRequestOperation.m in Sources */,
				838E2F26155C4F4C008C0C45 /* AFImageRequestOperation.m in Sources */,
				838E2F27155C4F4C008C0C45 /* AFJSONRequestOperation.m in Sources */,
				838E2F28155C4F4C008C0C45 /* AFJSONUtilities.m in Sources */,
				838E2F29155C4F4C008C0C45 /* AFNetworkActivityIndicatorManager.m in Sources */,
				838E2F2A155C4F4C008C0C45 /* AFPropertyListRequestOperation.m in Sources */,
				838E2F2B155C4F4C008C0C45 /* AFURLConnectionOperation.m in Sources */,
				838E2F2C155C4F4C008C0C45 /* AFXMLRequestOperation.m in Sources */,
				838E2F2D155C4F4C008C0C45 /* UIImageView+AFNetworking.m in Sources */,
				838E2F34155C5220008C0C45 /* DownloadAgendaConnection.m in Sources */,
				D9E8F1471578F338002F8DF9 /* Agenda.m in Sources */,
			);
			runOnlyForDeploymentPostprocessing = 0;
		};
		83AC14D715597DBC007F96EB /* Sources */ = {
			isa = PBXSourcesBuildPhase;
			buildActionMask = 2147483647;
			files = (
				83AC14EB15597DBD007F96EB /* PeopleTests.m in Sources */,
				83AE8A58155C383600DB956C /* ContactTests.m in Sources */,
				838E2F30155C5140008C0C45 /* DownloadAgendaConnectionTests.m in Sources */,
			);
			runOnlyForDeploymentPostprocessing = 0;
		};
/* End PBXSourcesBuildPhase section */

/* Begin PBXTargetDependency section */
		83AC14E215597DBC007F96EB /* PBXTargetDependency */ = {
			isa = PBXTargetDependency;
			target = 83AC14BA15597DBC007F96EB /* People */;
			targetProxy = 83AC14E115597DBC007F96EB /* PBXContainerItemProxy */;
		};
/* End PBXTargetDependency section */

/* Begin PBXVariantGroup section */
		83AC14C815597DBC007F96EB /* InfoPlist.strings */ = {
			isa = PBXVariantGroup;
			children = (
				83AC14C915597DBC007F96EB /* en */,
			);
			name = InfoPlist.strings;
			sourceTree = "<group>";
		};
		83AC14D415597DBC007F96EB /* LoginViewController.xib */ = {
			isa = PBXVariantGroup;
			children = (
				83AC14D515597DBC007F96EB /* en */,
			);
			name = LoginViewController.xib;
			sourceTree = "<group>";
		};
		83AC14E615597DBC007F96EB /* InfoPlist.strings */ = {
			isa = PBXVariantGroup;
			children = (
				83AC14E715597DBC007F96EB /* en */,
			);
			name = InfoPlist.strings;
			sourceTree = "<group>";
		};
/* End PBXVariantGroup section */

/* Begin XCBuildConfiguration section */
		83AC14EC15597DBD007F96EB /* Debug */ = {
			isa = XCBuildConfiguration;
			buildSettings = {
				ALWAYS_SEARCH_USER_PATHS = NO;
				ARCHS = "$(ARCHS_STANDARD_32_BIT)";
				"CODE_SIGN_IDENTITY[sdk=iphoneos*]" = "";
				COPY_PHASE_STRIP = NO;
				GCC_C_LANGUAGE_STANDARD = gnu99;
				GCC_DYNAMIC_NO_PIC = NO;
				GCC_OPTIMIZATION_LEVEL = 0;
				GCC_PREPROCESSOR_DEFINITIONS = (
					"DEBUG=1",
					"$(inherited)",
				);
				GCC_SYMBOLS_PRIVATE_EXTERN = NO;
				GCC_VERSION = com.apple.compilers.llvm.clang.1_0;
				GCC_WARN_ABOUT_MISSING_PROTOTYPES = YES;
				GCC_WARN_ABOUT_RETURN_TYPE = YES;
				GCC_WARN_UNUSED_VARIABLE = YES;
				IPHONEOS_DEPLOYMENT_TARGET = 5.0;
				SDKROOT = iphoneos;
			};
			name = Debug;
		};
		83AC14ED15597DBD007F96EB /* Release */ = {
			isa = XCBuildConfiguration;
			buildSettings = {
				ALWAYS_SEARCH_USER_PATHS = NO;
				ARCHS = "$(ARCHS_STANDARD_32_BIT)";
				"CODE_SIGN_IDENTITY[sdk=iphoneos*]" = "";
				COPY_PHASE_STRIP = YES;
				GCC_C_LANGUAGE_STANDARD = gnu99;
				GCC_VERSION = com.apple.compilers.llvm.clang.1_0;
				GCC_WARN_ABOUT_MISSING_PROTOTYPES = YES;
				GCC_WARN_ABOUT_RETURN_TYPE = YES;
				GCC_WARN_UNUSED_VARIABLE = YES;
				IPHONEOS_DEPLOYMENT_TARGET = 5.0;
				OTHER_CFLAGS = "-DNS_BLOCK_ASSERTIONS=1";
				SDKROOT = iphoneos;
				VALIDATE_PRODUCT = YES;
			};
			name = Release;
		};
		83AC14EF15597DBD007F96EB /* Debug */ = {
			isa = XCBuildConfiguration;
			buildSettings = {
				GCC_PRECOMPILE_PREFIX_HEADER = YES;
				GCC_PREFIX_HEADER = "People/People-Prefix.pch";
				INFOPLIST_FILE = "People/People-Info.plist";
				PRODUCT_NAME = "$(TARGET_NAME)";
				WRAPPER_EXTENSION = app;
			};
			name = Debug;
		};
		83AC14F015597DBD007F96EB /* Release */ = {
			isa = XCBuildConfiguration;
			buildSettings = {
				GCC_PRECOMPILE_PREFIX_HEADER = YES;
				GCC_PREFIX_HEADER = "People/People-Prefix.pch";
				INFOPLIST_FILE = "People/People-Info.plist";
				PRODUCT_NAME = "$(TARGET_NAME)";
				WRAPPER_EXTENSION = app;
			};
			name = Release;
		};
		83AC14F215597DBD007F96EB /* Debug */ = {
			isa = XCBuildConfiguration;
			buildSettings = {
				BUNDLE_LOADER = "$(BUILT_PRODUCTS_DIR)/People.app/People";
				FRAMEWORK_SEARCH_PATHS = (
					"$(SDKROOT)/Developer/Library/Frameworks",
					"$(DEVELOPER_LIBRARY_DIR)/Frameworks",
				);
				GCC_PRECOMPILE_PREFIX_HEADER = YES;
				GCC_PREFIX_HEADER = "People/People-Prefix.pch";
				HEADER_SEARCH_PATHS = "\"$(SRCROOT)/PeopleTests\"/**";
				INFOPLIST_FILE = "PeopleTests/PeopleTests-Info.plist";
				LIBRARY_SEARCH_PATHS = (
					"$(inherited)",
					"\"$(SRCROOT)/PeopleTests\"",
				);
				OTHER_LDFLAGS = "-all_load";
				PRODUCT_NAME = "$(TARGET_NAME)";
				TEST_HOST = "$(BUNDLE_LOADER)";
				WRAPPER_EXTENSION = octest;
			};
			name = Debug;
		};
		83AC14F315597DBD007F96EB /* Release */ = {
			isa = XCBuildConfiguration;
			buildSettings = {
				BUNDLE_LOADER = "$(BUILT_PRODUCTS_DIR)/People.app/People";
				FRAMEWORK_SEARCH_PATHS = (
					"$(SDKROOT)/Developer/Library/Frameworks",
					"$(DEVELOPER_LIBRARY_DIR)/Frameworks",
				);
				GCC_PRECOMPILE_PREFIX_HEADER = YES;
				GCC_PREFIX_HEADER = "People/People-Prefix.pch";
				HEADER_SEARCH_PATHS = "\"$(SRCROOT)/PeopleTests\"/**";
				INFOPLIST_FILE = "PeopleTests/PeopleTests-Info.plist";
				LIBRARY_SEARCH_PATHS = (
					"$(inherited)",
					"\"$(SRCROOT)/PeopleTests\"",
				);
				OTHER_LDFLAGS = "-all_load";
				PRODUCT_NAME = "$(TARGET_NAME)";
				TEST_HOST = "$(BUNDLE_LOADER)";
				WRAPPER_EXTENSION = octest;
			};
			name = Release;
		};
/* End XCBuildConfiguration section */

/* Begin XCConfigurationList section */
		83AC14B515597DBC007F96EB /* Build configuration list for PBXProject "People" */ = {
			isa = XCConfigurationList;
			buildConfigurations = (
				83AC14EC15597DBD007F96EB /* Debug */,
				83AC14ED15597DBD007F96EB /* Release */,
			);
			defaultConfigurationIsVisible = 0;
			defaultConfigurationName = Release;
		};
		83AC14EE15597DBD007F96EB /* Build configuration list for PBXNativeTarget "People" */ = {
			isa = XCConfigurationList;
			buildConfigurations = (
				83AC14EF15597DBD007F96EB /* Debug */,
				83AC14F015597DBD007F96EB /* Release */,
			);
			defaultConfigurationIsVisible = 0;
			defaultConfigurationName = Release;
		};
		83AC14F115597DBD007F96EB /* Build configuration list for PBXNativeTarget "PeopleTests" */ = {
			isa = XCConfigurationList;
			buildConfigurations = (
				83AC14F215597DBD007F96EB /* Debug */,
				83AC14F315597DBD007F96EB /* Release */,
			);
			defaultConfigurationIsVisible = 0;
			defaultConfigurationName = Release;
		};
/* End XCConfigurationList section */
	};
	rootObject = 83AC14B215597DBC007F96EB /* Project object */;
}
